{
    "version": 3,
    "terraform_version": "0.11.14",
    "serial": 35,
    "lineage": "4b48a196-84de-da6f-4362-2cb09e8d1c9b",
    "modules": [
        {
            "path": [
                "root"
            ],
            "outputs": {
                "ip_address": {
                    "sensitive": false,
                    "type": "string",
                    "value": "3.226.152.112"
                }
            },
            "resources": {
                "aws_eip.ip": {
                    "type": "aws_eip",
                    "depends_on": [
                        "aws_instance.web"
                    ],
                    "primary": {
                        "id": "eipalloc-0fca1dc1179554142",
                        "attributes": {
                            "association_id": "eipassoc-0653e3645df0bb8c1",
                            "domain": "vpc",
                            "id": "eipalloc-0fca1dc1179554142",
                            "instance": "i-0a5fec49651c6ffb3",
                            "network_interface": "eni-015d9bcbe47dfb14a",
                            "private_dns": "ip-10-0-7-198.ec2.internal",
                            "private_ip": "10.0.7.198",
                            "public_dns": "ec2-3-226-152-112.compute-1.amazonaws.com",
                            "public_ip": "3.226.152.112",
                            "public_ipv4_pool": "amazon",
                            "tags.%": "0",
                            "vpc": "true"
                        },
                        "meta": {
                            "e2bfb730-ecaa-11e6-8f88-34363bc7c4c0": {
                                "delete": 180000000000,
                                "read": 900000000000,
                                "update": 300000000000
                            }
                        },
                        "tainted": false
                    },
                    "deposed": [],
                    "provider": "provider.aws"
                },
                "aws_instance.web": {
                    "type": "aws_instance",
                    "depends_on": [
                        "data.aws_ami.ubuntu",
                        "local_file.node"
                    ],
                    "primary": {
                        "id": "i-0a5fec49651c6ffb3",
                        "attributes": {
                            "ami": "ami-07d0cf3af28718ef8",
                            "arn": "arn:aws:ec2:us-east-1:509680183794:instance/i-0a5fec49651c6ffb3",
                            "associate_public_ip_address": "true",
                            "availability_zone": "us-east-1a",
                            "cpu_core_count": "1",
                            "cpu_threads_per_core": "2",
                            "disable_api_termination": "false",
                            "ebs_block_device.#": "0",
                            "ebs_optimized": "false",
                            "ephemeral_block_device.#": "0",
                            "get_password_data": "false",
                            "iam_instance_profile": "chef_master",
                            "id": "i-0a5fec49651c6ffb3",
                            "instance_state": "running",
                            "instance_type": "m4.large",
                            "ipv6_address_count": "0",
                            "ipv6_addresses.#": "0",
                            "key_name": "darnold",
                            "monitoring": "false",
                            "network_interface.#": "0",
                            "password_data": "",
                            "placement_group": "",
                            "primary_network_interface_id": "eni-015d9bcbe47dfb14a",
                            "private_dns": "ip-10-0-7-198.ec2.internal",
                            "private_ip": "10.0.7.198",
                            "public_dns": "ec2-35-173-249-146.compute-1.amazonaws.com",
                            "public_ip": "35.173.249.146",
                            "root_block_device.#": "1",
                            "root_block_device.0.delete_on_termination": "true",
                            "root_block_device.0.iops": "100",
                            "root_block_device.0.volume_id": "vol-0a2abaad46efee22d",
                            "root_block_device.0.volume_size": "8",
                            "root_block_device.0.volume_type": "gp2",
                            "security_groups.#": "0",
                            "source_dest_check": "true",
                            "subnet_id": "subnet-0b9e3ed05ba512370",
                            "tags.%": "1",
                            "tags.Name": "chef-slave",
                            "tenancy": "default",
                            "volume_tags.%": "0",
                            "vpc_security_group_ids.#": "1",
                            "vpc_security_group_ids.2402968390": "sg-005753c1d1d5e8eb3"
                        },
                        "meta": {
                            "e2bfb730-ecaa-11e6-8f88-34363bc7c4c0": {
                                "create": 600000000000,
                                "delete": 1200000000000,
                                "update": 600000000000
                            },
                            "schema_version": "1"
                        },
                        "tainted": true
                    },
                    "deposed": [],
                    "provider": "provider.aws"
                },
                "data.aws_ami.ubuntu": {
                    "type": "aws_ami",
                    "depends_on": [],
                    "primary": {
                        "id": "ami-07d0cf3af28718ef8",
                        "attributes": {
                            "architecture": "x86_64",
                            "block_device_mappings.#": "3",
                            "block_device_mappings.1634610537.device_name": "/dev/sdb",
                            "block_device_mappings.1634610537.ebs.%": "0",
                            "block_device_mappings.1634610537.no_device": "",
                            "block_device_mappings.1634610537.virtual_name": "ephemeral0",
                            "block_device_mappings.2547816212.device_name": "/dev/sda1",
                            "block_device_mappings.2547816212.ebs.%": "6",
                            "block_device_mappings.2547816212.ebs.delete_on_termination": "true",
                            "block_device_mappings.2547816212.ebs.encrypted": "false",
                            "block_device_mappings.2547816212.ebs.iops": "0",
                            "block_device_mappings.2547816212.ebs.snapshot_id": "snap-05c47a3b3d7bca907",
                            "block_device_mappings.2547816212.ebs.volume_size": "8",
                            "block_device_mappings.2547816212.ebs.volume_type": "gp2",
                            "block_device_mappings.2547816212.no_device": "",
                            "block_device_mappings.2547816212.virtual_name": "",
                            "block_device_mappings.3850042718.device_name": "/dev/sdc",
                            "block_device_mappings.3850042718.ebs.%": "0",
                            "block_device_mappings.3850042718.no_device": "",
                            "block_device_mappings.3850042718.virtual_name": "ephemeral1",
                            "creation_date": "2019-07-25T19:49:07.000Z",
                            "description": "Canonical, Ubuntu, 18.04 LTS, amd64 bionic image build on 2019-07-22",
                            "filter.#": "2",
                            "filter.490168357.name": "virtualization-type",
                            "filter.490168357.values.#": "1",
                            "filter.490168357.values.0": "hvm",
                            "filter.942818600.name": "name",
                            "filter.942818600.values.#": "1",
                            "filter.942818600.values.0": "ubuntu/images/hvm-ssd/ubuntu-bionic-18.04-amd64-server-*",
                            "hypervisor": "xen",
                            "id": "ami-07d0cf3af28718ef8",
                            "image_id": "ami-07d0cf3af28718ef8",
                            "image_location": "099720109477/ubuntu/images/hvm-ssd/ubuntu-bionic-18.04-amd64-server-20190722.1",
                            "image_type": "machine",
                            "most_recent": "true",
                            "name": "ubuntu/images/hvm-ssd/ubuntu-bionic-18.04-amd64-server-20190722.1",
                            "owner_id": "099720109477",
                            "owners.#": "1",
                            "owners.0": "099720109477",
                            "product_codes.#": "0",
                            "public": "true",
                            "root_device_name": "/dev/sda1",
                            "root_device_type": "ebs",
                            "root_snapshot_id": "snap-05c47a3b3d7bca907",
                            "sriov_net_support": "simple",
                            "state": "available",
                            "state_reason.%": "2",
                            "state_reason.code": "UNSET",
                            "state_reason.message": "UNSET",
                            "tags.%": "0",
                            "virtualization_type": "hvm"
                        },
                        "meta": {},
                        "tainted": false
                    },
                    "deposed": [],
                    "provider": "provider.aws"
                },
                "data.template_file.chef_node": {
                    "type": "template_file",
                    "depends_on": [],
                    "primary": {
                        "id": "480b1adff1ec80126128a93d285f38309a1d9408c44e8b1362acdc977d23f04d",
                        "attributes": {
                            "id": "480b1adff1ec80126128a93d285f38309a1d9408c44e8b1362acdc977d23f04d",
                            "rendered": "{\n    \"run_list\": [\n        \"recipe[chef-server]\",\n        \"recipe[chef-ha]\"\n    ],\n    \"normal\": {\n        \"chef_cluster_master\": \"10.0.1.147\",\n        \"chef_config_bucket\": \"foghorn-darnold-s3infra\",\n        \"chef_config_path\": \"chef-build/testing\"\n    }\n}",
                            "template": "{\n    \"run_list\": [\n        \"recipe[chef-server]\",\n        \"recipe[chef-ha]\"\n    ],\n    \"normal\": {\n        \"chef_cluster_master\": \"${chef_cluster_master}\",\n        \"chef_config_bucket\": \"${chef_config_bucket}\",\n        \"chef_config_path\": \"${chef_config_path}\"\n    }\n}",
                            "vars.%": "4",
                            "vars.chef_cluster_master": "10.0.1.147",
                            "vars.chef_config_bucket": "foghorn-darnold-s3infra",
                            "vars.chef_config_path": "chef-build/testing",
                            "vars.nodename": "chef-slave"
                        },
                        "meta": {},
                        "tainted": false
                    },
                    "deposed": [],
                    "provider": "provider.template"
                },
                "data.template_file.setup": {
                    "type": "template_file",
                    "depends_on": [],
                    "primary": {
                        "id": "9b63950e0eed1094c3079f3fbc4af71ab1537c5ad84e8891f9e666f634bfb3fc",
                        "attributes": {
                            "id": "9b63950e0eed1094c3079f3fbc4af71ab1537c5ad84e8891f9e666f634bfb3fc",
                            "rendered": "#!/bin/bash\nwget https://packages.chef.io/files/stable/chef/14.12.9/ubuntu/18.04/chef_14.12.9-1_amd64.deb\ndpkg -i chef_14.12.9-1_amd64.deb\nchef-solo -c /tmp/chef/solo.rb -j /tmp/chef/nodes/chef-slave.json --chef-license accept --environment=_default -N chef-slave",
                            "template": "#!/bin/bash\nwget https://packages.chef.io/files/stable/chef/${chef_version}/ubuntu/${os_version}/chef_14.12.9-1_amd64.deb\ndpkg -i chef_14.12.9-1_amd64.deb\nchef-solo -c /tmp/chef/solo.rb -j /tmp/chef/nodes/${nodename}.json --chef-license accept --environment=${chef_environment} -N ${nodename}",
                            "vars.%": "4",
                            "vars.chef_environment": "_default",
                            "vars.chef_version": "14.12.9",
                            "vars.nodename": "chef-slave",
                            "vars.os_version": "18.04"
                        },
                        "meta": {},
                        "tainted": false
                    },
                    "deposed": [],
                    "provider": "provider.template"
                },
                "local_file.node": {
                    "type": "local_file",
                    "depends_on": [
                        "data.template_file.chef_node"
                    ],
                    "primary": {
                        "id": "15168a0c46ade7c9b1264703c2693bcbaa0147e1",
                        "attributes": {
                            "content": "{\n    \"run_list\": [\n        \"recipe[chef-server]\",\n        \"recipe[chef-ha]\"\n    ],\n    \"normal\": {\n        \"chef_cluster_master\": \"10.0.1.147\",\n        \"chef_config_bucket\": \"foghorn-darnold-s3infra\",\n        \"chef_config_path\": \"chef-build/testing\"\n    }\n}",
                            "filename": "/Users/darnold/git/chef/nodes/chef-slave.json",
                            "id": "15168a0c46ade7c9b1264703c2693bcbaa0147e1"
                        },
                        "meta": {},
                        "tainted": false
                    },
                    "deposed": [],
                    "provider": "provider.local"
                },
                "local_file.setup": {
                    "type": "local_file",
                    "depends_on": [
                        "data.template_file.setup"
                    ],
                    "primary": {
                        "id": "14d24a96b83098744d31fb8004a4dbf8bd8fbfeb",
                        "attributes": {
                            "content": "#!/bin/bash\nwget https://packages.chef.io/files/stable/chef/14.12.9/ubuntu/18.04/chef_14.12.9-1_amd64.deb\ndpkg -i chef_14.12.9-1_amd64.deb\nchef-solo -c /tmp/chef/solo.rb -j /tmp/chef/nodes/chef-slave.json --chef-license accept --environment=_default -N chef-slave",
                            "filename": "/Users/darnold/git/chef/setup.sh",
                            "id": "14d24a96b83098744d31fb8004a4dbf8bd8fbfeb"
                        },
                        "meta": {},
                        "tainted": false
                    },
                    "deposed": [],
                    "provider": "provider.local"
                }
            },
            "depends_on": []
        }
    ]
}
